
Microsoft Visual Studio Solution File, Format Version 12.00
# Visual Studio 15
VisualStudioVersion = 15.0.28010.2026
MinimumVisualStudioVersion = 10.0.40219.1
Project("{8BC9CEB8-8B4A-11D0-8D11-00A0C91BC942}") = "CV实验二图片相减", "CV实验二图片相减\CV实验二图片相减.vcxproj", "{DD8D1C2D-6EF1-4666-9CC3-C355042DD1ED}"
EndProject
Global
	GlobalSection(SolutionConfigurationPlatforms) = preSolution
		Debug|x64 = Debug|x64
		Debug|x86 = Debug|x86
		Release|x64 = Release|x64
		Release|x86 = Release|x86
	EndGlobalSection
	GlobalSection(ProjectConfigurationPlatforms) = postSolution
		{DD8D1C2D-6EF1-4666-9CC3-C355042DD1ED}.Debug|x64.ActiveCfg = Debug|x64
		{DD8D1C2D-6EF1-4666-9CC3-C355042DD1ED}.Debug|x64.Build.0 = Debug|x64
		{DD8D1C2D-6EF1-4666-9CC3-C355042DD1ED}.Debug|x86.ActiveCfg = Debug|Win32
		{DD8D1C2D-6EF1-4666-9CC3-C355042DD1ED}.Debug|x86.Build.0 = Debug|Win32
		{DD8D1C2D-6EF1-4666-9CC3-C355042DD1ED}.Release|x64.ActiveCfg = Release|x64
		{DD8D1C2D-6EF1-4666-9CC3-C355042DD1ED}.Release|x64.Build.0 = Release|x64
		{DD8D1C2D-6EF1-4666-9CC3-C355042DD1ED}.Release|x86.ActiveCfg = Release|Win32
		{DD8D1C2D-6EF1-4666-9CC3-C355042DD1ED}.Release|x86.Build.0 = Release|Win32
	EndGlobalSection
	GlobalSection(SolutionProperties) = preSolution
		HideSolutionNode = FALSE
	EndGlobalSection
	GlobalSection(ExtensibilityGlobals) = postSolution
		SolutionGuid = {59E237FA-7A15-4EA3-B100-B3ED4569D2AB}
	EndGlobalSection
EndGlobal
