
Microsoft Visual Studio Solution File, Format Version 12.00
# Visual Studio 15
VisualStudioVersion = 15.0.28010.2026
MinimumVisualStudioVersion = 10.0.40219.1
Project("{8BC9CEB8-8B4A-11D0-8D11-00A0C91BC942}") = "CV实验一图像加载显示1.2问题2", "CV实验一图像加载显示1.2问题2\CV实验一图像加载显示1.2问题2.vcxproj", "{F533B868-B901-45F9-AFAC-2048094A42A1}"
EndProject
Global
	GlobalSection(SolutionConfigurationPlatforms) = preSolution
		Debug|x64 = Debug|x64
		Debug|x86 = Debug|x86
		Release|x64 = Release|x64
		Release|x86 = Release|x86
	EndGlobalSection
	GlobalSection(ProjectConfigurationPlatforms) = postSolution
		{F533B868-B901-45F9-AFAC-2048094A42A1}.Debug|x64.ActiveCfg = Debug|x64
		{F533B868-B901-45F9-AFAC-2048094A42A1}.Debug|x64.Build.0 = Debug|x64
		{F533B868-B901-45F9-AFAC-2048094A42A1}.Debug|x86.ActiveCfg = Debug|Win32
		{F533B868-B901-45F9-AFAC-2048094A42A1}.Debug|x86.Build.0 = Debug|Win32
		{F533B868-B901-45F9-AFAC-2048094A42A1}.Release|x64.ActiveCfg = Release|x64
		{F533B868-B901-45F9-AFAC-2048094A42A1}.Release|x64.Build.0 = Release|x64
		{F533B868-B901-45F9-AFAC-2048094A42A1}.Release|x86.ActiveCfg = Release|Win32
		{F533B868-B901-45F9-AFAC-2048094A42A1}.Release|x86.Build.0 = Release|Win32
	EndGlobalSection
	GlobalSection(SolutionProperties) = preSolution
		HideSolutionNode = FALSE
	EndGlobalSection
	GlobalSection(ExtensibilityGlobals) = postSolution
		SolutionGuid = {76B87B1C-3629-4E0E-8F62-B1B08D8A31D1}
	EndGlobalSection
EndGlobal
